// !$*UTF8*$!
{
	archiveVersion = 1;
	classes = {
	};
	objectVersion = 56;
	objects = {

/* Begin PBXBuildFile section */
		8E5BECE02A1666CE006B6711 /* BGChangerApp.swift in Sources */ = {isa = PBXBuildFile; fileRef = 8E5BECDF2A1666CE006B6711 /* BGChangerApp.swift */; };
		8E5BECE22A1666CE006B6711 /* ContentView.swift in Sources */ = {isa = PBXBuildFile; fileRef = 8E5BECE12A1666CE006B6711 /* ContentView.swift */; };
		8E5BECE42A1666CF006B6711 /* Assets.xcassets in Resources */ = {isa = PBXBuildFile; fileRef = 8E5BECE32A1666CF006B6711 /* Assets.xcassets */; };
		8E5BECE72A1666CF006B6711 /* Preview Assets.xcassets in Resources */ = {isa = PBXBuildFile; fileRef = 8E5BECE62A1666CF006B6711 /* Preview Assets.xcassets */; };
		8E5BECEF2A166F5C006B6711 /* CardPhoto.swift in Sources */ = {isa = PBXBuildFile; fileRef = 8E5BECEE2A166F5C006B6711 /* CardPhoto.swift */; };
		8E5BECF12A166F77006B6711 /* OutputPage.swift in Sources */ = {isa = PBXBuildFile; fileRef = 8E5BECF02A166F77006B6711 /* OutputPage.swift */; };
		8E5BECF32A166F95006B6711 /* PageContainer.swift in Sources */ = {isa = PBXBuildFile; fileRef = 8E5BECF22A166F95006B6711 /* PageContainer.swift */; };
		8E5BECF62A166FB5006B6711 /* Color+Hex.swift in Sources */ = {isa = PBXBuildFile; fileRef = 8E5BECF52A166FB5006B6711 /* Color+Hex.swift */; };
		8E5BECF92A166FE5006B6711 /* HomePage.swift in Sources */ = {isa = PBXBuildFile; fileRef = 8E5BECF82A166FE5006B6711 /* HomePage.swift */; };
		8E5BECFC2A167092006B6711 /* HomeViewModel.swift in Sources */ = {isa = PBXBuildFile; fileRef = 8E5BECFB2A167092006B6711 /* HomeViewModel.swift */; };
/* End PBXBuildFile section */

/* Begin PBXFileReference section */
		8E5BECDC2A1666CE006B6711 /* BGChanger.app */ = {isa = PBXFileReference; explicitFileType = wrapper.application; includeInIndex = 0; path = BGChanger.app; sourceTree = BUILT_PRODUCTS_DIR; };
		8E5BECDF2A1666CE006B6711 /* BGChangerApp.swift */ = {isa = PBXFileReference; lastKnownFileType = sourcecode.swift; path = BGChangerApp.swift; sourceTree = "<group>"; };
		8E5BECE12A1666CE006B6711 /* ContentView.swift */ = {isa = PBXFileReference; lastKnownFileType = sourcecode.swift; path = ContentView.swift; sourceTree = "<group>"; };
		8E5BECE32A1666CF006B6711 /* Assets.xcassets */ = {isa = PBXFileReference; lastKnownFileType = folder.assetcatalog; path = Assets.xcassets; sourceTree = "<group>"; };
		8E5BECE62A1666CF006B6711 /* Preview Assets.xcassets */ = {isa = PBXFileReference; lastKnownFileType = folder.assetcatalog; path = "Preview Assets.xcassets"; sourceTree = "<group>"; };
		8E5BECEE2A166F5C006B6711 /* CardPhoto.swift */ = {isa = PBXFileReference; lastKnownFileType = sourcecode.swift; path = CardPhoto.swift; sourceTree = "<group>"; };
		8E5BECF02A166F77006B6711 /* OutputPage.swift */ = {isa = PBXFileReference; lastKnownFileType = sourcecode.swift; path = OutputPage.swift; sourceTree = "<group>"; };
		8E5BECF22A166F95006B6711 /* PageContainer.swift */ = {isa = PBXFileReference; lastKnownFileType = sourcecode.swift; path = PageContainer.swift; sourceTree = "<group>"; };
		8E5BECF52A166FB5006B6711 /* Color+Hex.swift */ = {isa = PBXFileReference; lastKnownFileType = sourcecode.swift; path = "Color+Hex.swift"; sourceTree = "<group>"; };
		8E5BECF82A166FE5006B6711 /* HomePage.swift */ = {isa = PBXFileReference; lastKnownFileType = sourcecode.swift; path = HomePage.swift; sourceTree = "<group>"; };
		8E5BECFB2A167092006B6711 /* HomeViewModel.swift */ = {isa = PBXFileReference; lastKnownFileType = sourcecode.swift; path = HomeViewModel.swift; sourceTree = "<group>"; };
/* End PBXFileReference section */

/* Begin PBXFrameworksBuildPhase section */
		8E5BECD92A1666CE006B6711 /* Frameworks */ = {
			isa = PBXFrameworksBuildPhase;
			buildActionMask = 2147483647;
			files = (
			);
			runOnlyForDeploymentPostprocessing = 0;
		};
/* End PBXFrameworksBuildPhase section */

/* Begin PBXGroup section */
		8E5BECD32A1666CE006B6711 = {
			isa = PBXGroup;
			children = (
				8E5BECDE2A1666CE006B6711 /* BGChanger */,
				8E5BECDD2A1666CE006B6711 /* Products */,
			);
			sourceTree = "<group>";
		};
		8E5BECDD2A1666CE006B6711 /* Products */ = {
			isa = PBXGroup;
			children = (
				8E5BECDC2A1666CE006B6711 /* BGChanger.app */,
			);
			name = Products;
			sourceTree = "<group>";
		};
		8E5BECDE2A1666CE006B6711 /* BGChanger */ = {
			isa = PBXGroup;
			children = (
				8E5BECF42A166FAC006B6711 /* Extensions */,
				8E5BECED2A166F4C006B6711 /* Views */,
				8E5BECFA2A16707B006B6711 /* ViewModel */,
				8E5BECF72A166FD6006B6711 /* Pages */,
				8E5BECE12A1666CE006B6711 /* ContentView.swift */,
				8E5BECDF2A1666CE006B6711 /* BGChangerApp.swift */,
				8E5BECE32A1666CF006B6711 /* Assets.xcassets */,
				8E5BECE52A1666CF006B6711 /* Preview Content */,
			);
			path = BGChanger;
			sourceTree = "<group>";
		};
		8E5BECE52A1666CF006B6711 /* Preview Content */ = {
			isa = PBXGroup;
			children = (
				8E5BECE62A1666CF006B6711 /* Preview Assets.xcassets */,
			);
			path = "Preview Content";
			sourceTree = "<group>";
		};
		8E5BECED2A166F4C006B6711 /* Views */ = {
			isa = PBXGroup;
			children = (
				8E5BECF22A166F95006B6711 /* PageContainer.swift */,
				8E5BECEE2A166F5C006B6711 /* CardPhoto.swift */,
			);
			path = Views;
			sourceTree = "<group>";
		};
		8E5BECF42A166FAC006B6711 /* Extensions */ = {
			isa = PBXGroup;
			children = (
				8E5BECF52A166FB5006B6711 /* Color+Hex.swift */,
			);
			path = Extensions;
			sourceTree = "<group>";
		};
		8E5BECF72A166FD6006B6711 /* Pages */ = {
			isa = PBXGroup;
			children = (
				8E5BECF82A166FE5006B6711 /* HomePage.swift */,
				8E5BECF02A166F77006B6711 /* OutputPage.swift */,
			);
			path = Pages;
			sourceTree = "<group>";
		};
		8E5BECFA2A16707B006B6711 /* ViewModel */ = {
			isa = PBXGroup;
			children = (
				8E5BECFB2A167092006B6711 /* HomeViewModel.swift */,
			);
			path = ViewModel;
			sourceTree = "<group>";
		};
/* End PBXGroup section */

/* Begin PBXNativeTarget section */
		8E5BECDB2A1666CE006B6711 /* BGChanger */ = {
			isa = PBXNativeTarget;
			buildConfigurationList = 8E5BECEA2A1666CF006B6711 /* Build configuration list for PBXNativeTarget "BGChanger" */;
			buildPhases = (
				8E5BECD82A1666CE006B6711 /* Sources */,
				8E5BECD92A1666CE006B6711 /* Frameworks */,
				8E5BECDA2A1666CE006B6711 /* Resources */,
			);
			buildRules = (
			);
			dependencies = (
			);
			name = BGChanger;
			productName = BGChanger;
			productReference = 8E5BECDC2A1666CE006B6711 /* BGChanger.app */;
			productType = "com.apple.product-type.application";
		};
/* End PBXNativeTarget section */

/* Begin PBXProject section */
		8E5BECD42A1666CE006B6711 /* Project object */ = {
			isa = PBXProject;
			attributes = {
				BuildIndependentTargetsInParallel = 1;
				LastSwiftUpdateCheck = 1430;
				LastUpgradeCheck = 1430;
				TargetAttributes = {
					8E5BECDB2A1666CE006B6711 = {
						CreatedOnToolsVersion = 14.3;
					};
				};
			};
			buildConfigurationList = 8E5BECD72A1666CE006B6711 /* Build configuration list for PBXProject "BGChanger" */;
			compatibilityVersion = "Xcode 14.0";
			developmentRegion = en;
			hasScannedForEncodings = 0;
			knownRegions = (
				en,
				Base,
			);
			mainGroup = 8E5BECD32A1666CE006B6711;
			productRefGroup = 8E5BECDD2A1666CE006B6711 /* Products */;
			projectDirPath = "";
			projectRoot = "";
			targets = (
				8E5BECDB2A1666CE006B6711 /* BGChanger */,
			);
		};
/* End PBXProject section */

/* Begin PBXResourcesBuildPhase section */
		8E5BECDA2A1666CE006B6711 /* Resources */ = {
			isa = PBXResourcesBuildPhase;
			buildActionMask = 2147483647;
			files = (
				8E5BECE72A1666CF006B6711 /* Preview Assets.xcassets in Resources */,
				8E5BECE42A1666CF006B6711 /* Assets.xcassets in Resources */,
			);
			runOnlyForDeploymentPostprocessing = 0;
		};
/* End PBXResourcesBuildPhase section */

/* Begin PBXSourcesBuildPhase section */
		8E5BECD82A1666CE006B6711 /* Sources */ = {
			isa = PBXSourcesBuildPhase;
			buildActionMask = 2147483647;
			files = (
				8E5BECE22A1666CE006B6711 /* ContentView.swift in Sources */,
				8E5BECF92A166FE5006B6711 /* HomePage.swift in Sources */,
				8E5BECFC2A167092006B6711 /* HomeViewModel.swift in Sources */,
				8E5BECF12A166F77006B6711 /* OutputPage.swift in Sources */,
				8E5BECE02A1666CE006B6711 /* BGChangerApp.swift in Sources */,
				8E5BECEF2A166F5C006B6711 /* CardPhoto.swift in Sources */,
				8E5BECF32A166F95006B6711 /* PageContainer.swift in Sources */,
				8E5BECF62A166FB5006B6711 /* Color+Hex.swift in Sources */,
			);
			runOnlyForDeploymentPostprocessing = 0;
		};
/* End PBXSourcesBuildPhase section */

/* Begin XCBuildConfiguration section */
		8E5BECE82A1666CF006B6711 /* Debug */ = {
			isa = XCBuildConfiguration;
			buildSettings = {
				ALWAYS_SEARCH_USER_PATHS = NO;
				CLANG_ANALYZER_NONNULL = YES;
				CLANG_ANALYZER_NUMBER_OBJECT_CONVERSION = YES_AGGRESSIVE;
				CLANG_CXX_LANGUAGE_STANDARD = "gnu++20";
				CLANG_ENABLE_MODULES = YES;
				CLANG_ENABLE_OBJC_ARC = YES;
				CLANG_ENABLE_OBJC_WEAK = YES;
				CLANG_WARN_BLOCK_CAPTURE_AUTORELEASING = YES;
				CLANG_WARN_BOOL_CONVERSION = YES;
				CLANG_WARN_COMMA = YES;
				CLANG_WARN_CONSTANT_CONVERSION = YES;
				CLANG_WARN_DEPRECATED_OBJC_IMPLEMENTATIONS = YES;
				CLANG_WARN_DIRECT_OBJC_ISA_USAGE = YES_ERROR;
				CLANG_WARN_DOCUMENTATION_COMMENTS = YES;
				CLANG_WARN_EMPTY_BODY = YES;
				CLANG_WARN_ENUM_CONVERSION = YES;
				CLANG_WARN_INFINITE_RECURSION = YES;
				CLANG_WARN_INT_CONVERSION = YES;
				CLANG_WARN_NON_LITERAL_NULL_CONVERSION = YES;
				CLANG_WARN_OBJC_IMPLICIT_RETAIN_SELF = YES;
				CLANG_WARN_OBJC_LITERAL_CONVERSION = YES;
				CLANG_WARN_OBJC_ROOT_CLASS = YES_ERROR;
				CLANG_WARN_QUOTED_INCLUDE_IN_FRAMEWORK_HEADER = YES;
				CLANG_WARN_RANGE_LOOP_ANALYSIS = YES;
				CLANG_WARN_STRICT_PROTOTYPES = YES;
				CLANG_WARN_SUSPICIOUS_MOVE = YES;
				CLANG_WARN_UNGUARDED_AVAILABILITY = YES_AGGRESSIVE;
				CLANG_WARN_UNREACHABLE_CODE = YES;
				CLANG_WARN__DUPLICATE_METHOD_MATCH = YES;
				COPY_PHASE_STRIP = NO;
				DEBUG_INFORMATION_FORMAT = dwarf;
				ENABLE_STRICT_OBJC_MSGSEND = YES;
				ENABLE_TESTABILITY = YES;
				GCC_C_LANGUAGE_STANDARD = gnu11;
				GCC_DYNAMIC_NO_PIC = NO;
				GCC_NO_COMMON_BLOCKS = YES;
				GCC_OPTIMIZATION_LEVEL = 0;
				GCC_PREPROCESSOR_DEFINITIONS = (
					"DEBUG=1",
					"$(inherited)",
				);
				GCC_WARN_64_TO_32_BIT_CONVERSION = YES;
				GCC_WARN_ABOUT_RETURN_TYPE = YES_ERROR;
				GCC_WARN_UNDECLARED_SELECTOR = YES;
				GCC_WARN_UNINITIALIZED_AUTOS = YES_AGGRESSIVE;
				GCC_WARN_UNUSED_FUNCTION = YES;
				GCC_WARN_UNUSED_VARIABLE = YES;
				IPHONEOS_DEPLOYMENT_TARGET = 16.4;
				MTL_ENABLE_DEBUG_INFO = INCLUDE_SOURCE;
				MTL_FAST_MATH = YES;
				ONLY_ACTIVE_ARCH = YES;
				SDKROOT = iphoneos;
				SWIFT_ACTIVE_COMPILATION_CONDITIONS = DEBUG;
				SWIFT_OPTIMIZATION_LEVEL = "-Onone";
			};
			name = Debug;
		};
		8E5BECE92A1666CF006B6711 /* Release */ = {
			isa = XCBuildConfiguration;
			buildSettings = {
				ALWAYS_SEARCH_USER_PATHS = NO;
				CLANG_ANALYZER_NONNULL = YES;
				CLANG_ANALYZER_NUMBER_OBJECT_CONVERSION = YES_AGGRESSIVE;
				CLANG_CXX_LANGUAGE_STANDARD = "gnu++20";
				CLANG_ENABLE_MODULES = YES;
				CLANG_ENABLE_OBJC_ARC = YES;
				CLANG_ENABLE_OBJC_WEAK = YES;
				CLANG_WARN_BLOCK_CAPTURE_AUTORELEASING = YES;
				CLANG_WARN_BOOL_CONVERSION = YES;
				CLANG_WARN_COMMA = YES;
				CLANG_WARN_CONSTANT_CONVERSION = YES;
				CLANG_WARN_DEPRECATED_OBJC_IMPLEMENTATIONS = YES;
				CLANG_WARN_DIRECT_OBJC_ISA_USAGE = YES_ERROR;
				CLANG_WARN_DOCUMENTATION_COMMENTS = YES;
				CLANG_WARN_EMPTY_BODY = YES;
				CLANG_WARN_ENUM_CONVERSION = YES;
				CLANG_WARN_INFINITE_RECURSION = YES;
				CLANG_WARN_INT_CONVERSION = YES;
				CLANG_WARN_NON_LITERAL_NULL_CONVERSION = YES;
				CLANG_WARN_OBJC_IMPLICIT_RETAIN_SELF = YES;
				CLANG_WARN_OBJC_LITERAL_CONVERSION = YES;
				CLANG_WARN_OBJC_ROOT_CLASS = YES_ERROR;
				CLANG_WARN_QUOTED_INCLUDE_IN_FRAMEWORK_HEADER = YES;
				CLANG_WARN_RANGE_LOOP_ANALYSIS = YES;
				CLANG_WARN_STRICT_PROTOTYPES = YES;
				CLANG_WARN_SUSPICIOUS_MOVE = YES;
				CLANG_WARN_UNGUARDED_AVAILABILITY = YES_AGGRESSIVE;
				CLANG_WARN_UNREACHABLE_CODE = YES;
				CLANG_WARN__DUPLICATE_METHOD_MATCH = YES;
				COPY_PHASE_STRIP = NO;
				DEBUG_INFORMATION_FORMAT = "dwarf-with-dsym";
				ENABLE_NS_ASSERTIONS = NO;
				ENABLE_STRICT_OBJC_MSGSEND = YES;
				GCC_C_LANGUAGE_STANDARD = gnu11;
				GCC_NO_COMMON_BLOCKS = YES;
				GCC_WARN_64_TO_32_BIT_CONVERSION = YES;
				GCC_WARN_ABOUT_RETURN_TYPE = YES_ERROR;
				GCC_WARN_UNDECLARED_SELECTOR = YES;
				GCC_WARN_UNINITIALIZED_AUTOS = YES_AGGRESSIVE;
				GCC_WARN_UNUSED_FUNCTION = YES;
				GCC_WARN_UNUSED_VARIABLE = YES;
				IPHONEOS_DEPLOYMENT_TARGET = 16.4;
				MTL_ENABLE_DEBUG_INFO = NO;
				MTL_FAST_MATH = YES;
				SDKROOT = iphoneos;
				SWIFT_COMPILATION_MODE = wholemodule;
				SWIFT_OPTIMIZATION_LEVEL = "-O";
				VALIDATE_PRODUCT = YES;
			};
			name = Release;
		};
		8E5BECEB2A1666CF006B6711 /* Debug */ = {
			isa = XCBuildConfiguration;
			buildSettings = {
				ASSETCATALOG_COMPILER_APPICON_NAME = AppIcon;
				ASSETCATALOG_COMPILER_GLOBAL_ACCENT_COLOR_NAME = AccentColor;
				CODE_SIGN_STYLE = Automatic;
				CURRENT_PROJECT_VERSION = 1;
				DEVELOPMENT_ASSET_PATHS = "\"BGChanger/Preview Content\"";
				DEVELOPMENT_TEAM = 5R8Y4MQDLJ;
				ENABLE_PREVIEWS = YES;
				GENERATE_INFOPLIST_FILE = YES;
				INFOPLIST_KEY_UIApplicationSceneManifest_Generation = YES;
				INFOPLIST_KEY_UIApplicationSupportsIndirectInputEvents = YES;
				INFOPLIST_KEY_UILaunchScreen_Generation = YES;
				INFOPLIST_KEY_UISupportedInterfaceOrientations_iPad = "UIInterfaceOrientationPortrait UIInterfaceOrientationPortraitUpsideDown UIInterfaceOrientationLandscapeLeft UIInterfaceOrientationLandscapeRight";
				INFOPLIST_KEY_UISupportedInterfaceOrientations_iPhone = "UIInterfaceOrientationPortrait UIInterfaceOrientationLandscapeLeft UIInterfaceOrientationLandscapeRight";
				IPHONEOS_DEPLOYMENT_TARGET = 15.0;
				LD_RUNPATH_SEARCH_PATHS = (
					"$(inherited)",
					"@executable_path/Frameworks",
				);
				MARKETING_VERSION = 1.0;
				PRODUCT_BUNDLE_IDENTIFIER = dev.alfin.BGChanger;
				PRODUCT_NAME = "$(TARGET_NAME)";
				SWIFT_EMIT_LOC_STRINGS = YES;
				SWIFT_VERSION = 5.0;
				TARGETED_DEVICE_FAMILY = "1,2";
			};
			name = Debug;
		};
		8E5BECEC2A1666CF006B6711 /* Release */ = {
			isa = XCBuildConfiguration;
			buildSettings = {
				ASSETCATALOG_COMPILER_APPICON_NAME = AppIcon;
				ASSETCATALOG_COMPILER_GLOBAL_ACCENT_COLOR_NAME = AccentColor;
				CODE_SIGN_STYLE = Automatic;
				CURRENT_PROJECT_VERSION = 1;
				DEVELOPMENT_ASSET_PATHS = "\"BGChanger/Preview Content\"";
				DEVELOPMENT_TEAM = 5R8Y4MQDLJ;
				ENABLE_PREVIEWS = YES;
				GENERATE_INFOPLIST_FILE = YES;
				INFOPLIST_KEY_UIApplicationSceneManifest_Generation = YES;
				INFOPLIST_KEY_UIApplicationSupportsIndirectInputEvents = YES;
				INFOPLIST_KEY_UILaunchScreen_Generation = YES;
				INFOPLIST_KEY_UISupportedInterfaceOrientations_iPad = "UIInterfaceOrientationPortrait UIInterfaceOrientationPortraitUpsideDown UIInterfaceOrientationLandscapeLeft UIInterfaceOrientationLandscapeRight";
				INFOPLIST_KEY_UISupportedInterfaceOrientations_iPhone = "UIInterfaceOrientationPortrait UIInterfaceOrientationLandscapeLeft UIInterfaceOrientationLandscapeRight";
				IPHONEOS_DEPLOYMENT_TARGET = 15.0;
				LD_RUNPATH_SEARCH_PATHS = (
					"$(inherited)",
					"@executable_path/Frameworks",
				);
				MARKETING_VERSION = 1.0;
				PRODUCT_BUNDLE_IDENTIFIER = dev.alfin.BGChanger;
				PRODUCT_NAME = "$(TARGET_NAME)";
				SWIFT_EMIT_LOC_STRINGS = YES;
				SWIFT_VERSION = 5.0;
				TARGETED_DEVICE_FAMILY = "1,2";
			};
			name = Release;
		};
/* End XCBuildConfiguration section */

/* Begin XCConfigurationList section */
		8E5BECD72A1666CE006B6711 /* Build configuration list for PBXProject "BGChanger" */ = {
			isa = XCConfigurationList;
			buildConfigurations = (
				8E5BECE82A1666CF006B6711 /* Debug */,
				8E5BECE92A1666CF006B6711 /* Release */,
			);
			defaultConfigurationIsVisible = 0;
			defaultConfigurationName = Release;
		};
		8E5BECEA2A1666CF006B6711 /* Build configuration list for PBXNativeTarget "BGChanger" */ = {
			isa = XCConfigurationList;
			buildConfigurations = (
				8E5BECEB2A1666CF006B6711 /* Debug */,
				8E5BECEC2A1666CF006B6711 /* Release */,
			);
			defaultConfigurationIsVisible = 0;
			defaultConfigurationName = Release;
		};
/* End XCConfigurationList section */
	};
	rootObject = 8E5BECD42A1666CE006B6711 /* Project object */;
}
